
Microsoft Visual Studio Solution File, Format Version 12.00
# Visual Studio Version 17
VisualStudioVersion = 17.6.33815.320
MinimumVisualStudioVersion = 10.0.40219.1
Project("{9A19103F-16F7-4668-BE54-9A1E7A4F7556}") = "ShopSneaker", "ShopSneaker\ShopSneaker.csproj", "{97887379-7C89-4B31-9DC6-EA2F762D5E0A}"
EndProject
Project("{9A19103F-16F7-4668-BE54-9A1E7A4F7556}") = "ShopSneaker.Data", "ShopSneaker.Data\ShopSneaker.Data.csproj", "{51DDE0F9-54D8-4B5F-BE96-F5660BA2C1EB}"
EndProject
Project("{FAE04EC0-301F-11D3-BF4B-00C04F79EFBC}") = "ShopSneaker.Admin", "ShopSneaker.Admin\ShopSneaker.Admin.csproj", "{CEF4402E-7B61-4EB3-B13B-D687EAD275CA}"
EndProject
Global
	GlobalSection(SolutionConfigurationPlatforms) = preSolution
		Debug|Any CPU = Debug|Any CPU
		Release|Any CPU = Release|Any CPU
	EndGlobalSection
	GlobalSection(ProjectConfigurationPlatforms) = postSolution
		{97887379-7C89-4B31-9DC6-EA2F762D5E0A}.Debug|Any CPU.ActiveCfg = Debug|Any CPU
		{97887379-7C89-4B31-9DC6-EA2F762D5E0A}.Debug|Any CPU.Build.0 = Debug|Any CPU
		{97887379-7C89-4B31-9DC6-EA2F762D5E0A}.Release|Any CPU.ActiveCfg = Release|Any CPU
		{97887379-7C89-4B31-9DC6-EA2F762D5E0A}.Release|Any CPU.Build.0 = Release|Any CPU
		{51DDE0F9-54D8-4B5F-BE96-F5660BA2C1EB}.Debug|Any CPU.ActiveCfg = Debug|Any CPU
		{51DDE0F9-54D8-4B5F-BE96-F5660BA2C1EB}.Debug|Any CPU.Build.0 = Debug|Any CPU
		{51DDE0F9-54D8-4B5F-BE96-F5660BA2C1EB}.Release|Any CPU.ActiveCfg = Release|Any CPU
		{51DDE0F9-54D8-4B5F-BE96-F5660BA2C1EB}.Release|Any CPU.Build.0 = Release|Any CPU
		{CEF4402E-7B61-4EB3-B13B-D687EAD275CA}.Debug|Any CPU.ActiveCfg = Debug|Any CPU
		{CEF4402E-7B61-4EB3-B13B-D687EAD275CA}.Debug|Any CPU.Build.0 = Debug|Any CPU
		{CEF4402E-7B61-4EB3-B13B-D687EAD275CA}.Release|Any CPU.ActiveCfg = Release|Any CPU
		{CEF4402E-7B61-4EB3-B13B-D687EAD275CA}.Release|Any CPU.Build.0 = Release|Any CPU
	EndGlobalSection
	GlobalSection(SolutionProperties) = preSolution
		HideSolutionNode = FALSE
	EndGlobalSection
	GlobalSection(ExtensibilityGlobals) = postSolution
		SolutionGuid = {035B550D-63BB-44FE-B374-19247D23510B}
	EndGlobalSection
EndGlobal
